// !$*UTF8*$!
{
	archiveVersion = 1;
	classes = {
	};
	objectVersion = 56;
	objects = {

/* Begin PBXBuildFile section */
		40145C2129C66DDB00BA52B8 /* SnowSeekerApp.swift in Sources */ = {isa = PBXBuildFile; fileRef = 40145C2029C66DDB00BA52B8 /* SnowSeekerApp.swift */; };
		40145C2329C66DDB00BA52B8 /* ContentView.swift in Sources */ = {isa = PBXBuildFile; fileRef = 40145C2229C66DDB00BA52B8 /* ContentView.swift */; };
		40145C2529C66DDD00BA52B8 /* Assets.xcassets in Resources */ = {isa = PBXBuildFile; fileRef = 40145C2429C66DDD00BA52B8 /* Assets.xcassets */; };
		40145C2829C66DDD00BA52B8 /* Preview Assets.xcassets in Resources */ = {isa = PBXBuildFile; fileRef = 40145C2729C66DDD00BA52B8 /* Preview Assets.xcassets */; };
		40145C2F29C67DDF00BA52B8 /* resorts.json in Resources */ = {isa = PBXBuildFile; fileRef = 40145C2E29C67DDF00BA52B8 /* resorts.json */; };
		40145C3129C67E7C00BA52B8 /* Resort.swift in Sources */ = {isa = PBXBuildFile; fileRef = 40145C3029C67E7C00BA52B8 /* Resort.swift */; };
		40145C3329C67FB700BA52B8 /* Bundle-Decodable.swift in Sources */ = {isa = PBXBuildFile; fileRef = 40145C3229C67FB700BA52B8 /* Bundle-Decodable.swift */; };
		40145C4929C79CA700BA52B8 /* ResortView.swift in Sources */ = {isa = PBXBuildFile; fileRef = 40145C4829C79CA700BA52B8 /* ResortView.swift */; };
		40145C4B29C79E9800BA52B8 /* SkiDetails.swift in Sources */ = {isa = PBXBuildFile; fileRef = 40145C4A29C79E9800BA52B8 /* SkiDetails.swift */; };
		40145C4D29C79FAF00BA52B8 /* ResortDetailsView.swift in Sources */ = {isa = PBXBuildFile; fileRef = 40145C4C29C79FAF00BA52B8 /* ResortDetailsView.swift */; };
		40145C5329C7B3EC00BA52B8 /* Facility.swift in Sources */ = {isa = PBXBuildFile; fileRef = 40145C5229C7B3EC00BA52B8 /* Facility.swift */; };
		40145C5529C7CFA400BA52B8 /* Favorites.swift in Sources */ = {isa = PBXBuildFile; fileRef = 40145C5429C7CFA400BA52B8 /* Favorites.swift */; };
		40145C5729C7D00500BA52B8 /* DocumentsDirestory.swift in Sources */ = {isa = PBXBuildFile; fileRef = 40145C5629C7D00500BA52B8 /* DocumentsDirestory.swift */; };
/* End PBXBuildFile section */

/* Begin PBXFileReference section */
		40145C1D29C66DDB00BA52B8 /* SnowSeeker.app */ = {isa = PBXFileReference; explicitFileType = wrapper.application; includeInIndex = 0; path = SnowSeeker.app; sourceTree = BUILT_PRODUCTS_DIR; };
		40145C2029C66DDB00BA52B8 /* SnowSeekerApp.swift */ = {isa = PBXFileReference; lastKnownFileType = sourcecode.swift; path = SnowSeekerApp.swift; sourceTree = "<group>"; };
		40145C2229C66DDB00BA52B8 /* ContentView.swift */ = {isa = PBXFileReference; lastKnownFileType = sourcecode.swift; path = ContentView.swift; sourceTree = "<group>"; };
		40145C2429C66DDD00BA52B8 /* Assets.xcassets */ = {isa = PBXFileReference; lastKnownFileType = folder.assetcatalog; path = Assets.xcassets; sourceTree = "<group>"; };
		40145C2729C66DDD00BA52B8 /* Preview Assets.xcassets */ = {isa = PBXFileReference; lastKnownFileType = folder.assetcatalog; path = "Preview Assets.xcassets"; sourceTree = "<group>"; };
		40145C2E29C67DDF00BA52B8 /* resorts.json */ = {isa = PBXFileReference; fileEncoding = 4; lastKnownFileType = text.json; path = resorts.json; sourceTree = "<group>"; };
		40145C3029C67E7C00BA52B8 /* Resort.swift */ = {isa = PBXFileReference; lastKnownFileType = sourcecode.swift; path = Resort.swift; sourceTree = "<group>"; };
		40145C3229C67FB700BA52B8 /* Bundle-Decodable.swift */ = {isa = PBXFileReference; lastKnownFileType = sourcecode.swift; path = "Bundle-Decodable.swift"; sourceTree = "<group>"; };
		40145C4829C79CA700BA52B8 /* ResortView.swift */ = {isa = PBXFileReference; lastKnownFileType = sourcecode.swift; path = ResortView.swift; sourceTree = "<group>"; };
		40145C4A29C79E9800BA52B8 /* SkiDetails.swift */ = {isa = PBXFileReference; lastKnownFileType = sourcecode.swift; path = SkiDetails.swift; sourceTree = "<group>"; };
		40145C4C29C79FAF00BA52B8 /* ResortDetailsView.swift */ = {isa = PBXFileReference; lastKnownFileType = sourcecode.swift; path = ResortDetailsView.swift; sourceTree = "<group>"; };
		40145C5229C7B3EC00BA52B8 /* Facility.swift */ = {isa = PBXFileReference; lastKnownFileType = sourcecode.swift; path = Facility.swift; sourceTree = "<group>"; };
		40145C5429C7CFA400BA52B8 /* Favorites.swift */ = {isa = PBXFileReference; lastKnownFileType = sourcecode.swift; path = Favorites.swift; sourceTree = "<group>"; };
		40145C5629C7D00500BA52B8 /* DocumentsDirestory.swift */ = {isa = PBXFileReference; lastKnownFileType = sourcecode.swift; path = DocumentsDirestory.swift; sourceTree = "<group>"; };
/* End PBXFileReference section */

/* Begin PBXFrameworksBuildPhase section */
		40145C1A29C66DDB00BA52B8 /* Frameworks */ = {
			isa = PBXFrameworksBuildPhase;
			buildActionMask = 2147483647;
			files = (
			);
			runOnlyForDeploymentPostprocessing = 0;
		};
/* End PBXFrameworksBuildPhase section */

/* Begin PBXGroup section */
		40145C1429C66DDB00BA52B8 = {
			isa = PBXGroup;
			children = (
				40145C1F29C66DDB00BA52B8 /* SnowSeeker */,
				40145C1E29C66DDB00BA52B8 /* Products */,
			);
			sourceTree = "<group>";
		};
		40145C1E29C66DDB00BA52B8 /* Products */ = {
			isa = PBXGroup;
			children = (
				40145C1D29C66DDB00BA52B8 /* SnowSeeker.app */,
			);
			name = Products;
			sourceTree = "<group>";
		};
		40145C1F29C66DDB00BA52B8 /* SnowSeeker */ = {
			isa = PBXGroup;
			children = (
				40145C2029C66DDB00BA52B8 /* SnowSeekerApp.swift */,
				40145C2229C66DDB00BA52B8 /* ContentView.swift */,
				40145C4829C79CA700BA52B8 /* ResortView.swift */,
				40145C4A29C79E9800BA52B8 /* SkiDetails.swift */,
				40145C4C29C79FAF00BA52B8 /* ResortDetailsView.swift */,
				40145C5429C7CFA400BA52B8 /* Favorites.swift */,
				40145C5229C7B3EC00BA52B8 /* Facility.swift */,
				40145C3029C67E7C00BA52B8 /* Resort.swift */,
				40145C5629C7D00500BA52B8 /* DocumentsDirestory.swift */,
				40145C3229C67FB700BA52B8 /* Bundle-Decodable.swift */,
				40145C2E29C67DDF00BA52B8 /* resorts.json */,
				40145C2429C66DDD00BA52B8 /* Assets.xcassets */,
				40145C2629C66DDD00BA52B8 /* Preview Content */,
			);
			path = SnowSeeker;
			sourceTree = "<group>";
		};
		40145C2629C66DDD00BA52B8 /* Preview Content */ = {
			isa = PBXGroup;
			children = (
				40145C2729C66DDD00BA52B8 /* Preview Assets.xcassets */,
			);
			path = "Preview Content";
			sourceTree = "<group>";
		};
/* End PBXGroup section */

/* Begin PBXNativeTarget section */
		40145C1C29C66DDB00BA52B8 /* SnowSeeker */ = {
			isa = PBXNativeTarget;
			buildConfigurationList = 40145C2B29C66DDD00BA52B8 /* Build configuration list for PBXNativeTarget "SnowSeeker" */;
			buildPhases = (
				40145C1929C66DDB00BA52B8 /* Sources */,
				40145C1A29C66DDB00BA52B8 /* Frameworks */,
				40145C1B29C66DDB00BA52B8 /* Resources */,
			);
			buildRules = (
			);
			dependencies = (
			);
			name = SnowSeeker;
			productName = SnowSeeker;
			productReference = 40145C1D29C66DDB00BA52B8 /* SnowSeeker.app */;
			productType = "com.apple.product-type.application";
		};
/* End PBXNativeTarget section */

/* Begin PBXProject section */
		40145C1529C66DDB00BA52B8 /* Project object */ = {
			isa = PBXProject;
			attributes = {
				BuildIndependentTargetsInParallel = 1;
				LastSwiftUpdateCheck = 1420;
				LastUpgradeCheck = 1420;
				TargetAttributes = {
					40145C1C29C66DDB00BA52B8 = {
						CreatedOnToolsVersion = 14.2;
					};
				};
			};
			buildConfigurationList = 40145C1829C66DDB00BA52B8 /* Build configuration list for PBXProject "SnowSeeker" */;
			compatibilityVersion = "Xcode 14.0";
			developmentRegion = en;
			hasScannedForEncodings = 0;
			knownRegions = (
				en,
				Base,
			);
			mainGroup = 40145C1429C66DDB00BA52B8;
			productRefGroup = 40145C1E29C66DDB00BA52B8 /* Products */;
			projectDirPath = "";
			projectRoot = "";
			targets = (
				40145C1C29C66DDB00BA52B8 /* SnowSeeker */,
			);
		};
/* End PBXProject section */

/* Begin PBXResourcesBuildPhase section */
		40145C1B29C66DDB00BA52B8 /* Resources */ = {
			isa = PBXResourcesBuildPhase;
			buildActionMask = 2147483647;
			files = (
				40145C2F29C67DDF00BA52B8 /* resorts.json in Resources */,
				40145C2829C66DDD00BA52B8 /* Preview Assets.xcassets in Resources */,
				40145C2529C66DDD00BA52B8 /* Assets.xcassets in Resources */,
			);
			runOnlyForDeploymentPostprocessing = 0;
		};
/* End PBXResourcesBuildPhase section */

/* Begin PBXSourcesBuildPhase section */
		40145C1929C66DDB00BA52B8 /* Sources */ = {
			isa = PBXSourcesBuildPhase;
			buildActionMask = 2147483647;
			files = (
				40145C4B29C79E9800BA52B8 /* SkiDetails.swift in Sources */,
				40145C5729C7D00500BA52B8 /* DocumentsDirestory.swift in Sources */,
				40145C4D29C79FAF00BA52B8 /* ResortDetailsView.swift in Sources */,
				40145C5529C7CFA400BA52B8 /* Favorites.swift in Sources */,
				40145C5329C7B3EC00BA52B8 /* Facility.swift in Sources */,
				40145C2329C66DDB00BA52B8 /* ContentView.swift in Sources */,
				40145C3129C67E7C00BA52B8 /* Resort.swift in Sources */,
				40145C4929C79CA700BA52B8 /* ResortView.swift in Sources */,
				40145C2129C66DDB00BA52B8 /* SnowSeekerApp.swift in Sources */,
				40145C3329C67FB700BA52B8 /* Bundle-Decodable.swift in Sources */,
			);
			runOnlyForDeploymentPostprocessing = 0;
		};
/* End PBXSourcesBuildPhase section */

/* Begin XCBuildConfiguration section */
		40145C2929C66DDD00BA52B8 /* Debug */ = {
			isa = XCBuildConfiguration;
			buildSettings = {
				ALWAYS_SEARCH_USER_PATHS = NO;
				CLANG_ANALYZER_NONNULL = YES;
				CLANG_ANALYZER_NUMBER_OBJECT_CONVERSION = YES_AGGRESSIVE;
				CLANG_CXX_LANGUAGE_STANDARD = "gnu++20";
				CLANG_ENABLE_MODULES = YES;
				CLANG_ENABLE_OBJC_ARC = YES;
				CLANG_ENABLE_OBJC_WEAK = YES;
				CLANG_WARN_BLOCK_CAPTURE_AUTORELEASING = YES;
				CLANG_WARN_BOOL_CONVERSION = YES;
				CLANG_WARN_COMMA = YES;
				CLANG_WARN_CONSTANT_CONVERSION = YES;
				CLANG_WARN_DEPRECATED_OBJC_IMPLEMENTATIONS = YES;
				CLANG_WARN_DIRECT_OBJC_ISA_USAGE = YES_ERROR;
				CLANG_WARN_DOCUMENTATION_COMMENTS = YES;
				CLANG_WARN_EMPTY_BODY = YES;
				CLANG_WARN_ENUM_CONVERSION = YES;
				CLANG_WARN_INFINITE_RECURSION = YES;
				CLANG_WARN_INT_CONVERSION = YES;
				CLANG_WARN_NON_LITERAL_NULL_CONVERSION = YES;
				CLANG_WARN_OBJC_IMPLICIT_RETAIN_SELF = YES;
				CLANG_WARN_OBJC_LITERAL_CONVERSION = YES;
				CLANG_WARN_OBJC_ROOT_CLASS = YES_ERROR;
				CLANG_WARN_QUOTED_INCLUDE_IN_FRAMEWORK_HEADER = YES;
				CLANG_WARN_RANGE_LOOP_ANALYSIS = YES;
				CLANG_WARN_STRICT_PROTOTYPES = YES;
				CLANG_WARN_SUSPICIOUS_MOVE = YES;
				CLANG_WARN_UNGUARDED_AVAILABILITY = YES_AGGRESSIVE;
				CLANG_WARN_UNREACHABLE_CODE = YES;
				CLANG_WARN__DUPLICATE_METHOD_MATCH = YES;
				COPY_PHASE_STRIP = NO;
				DEBUG_INFORMATION_FORMAT = dwarf;
				ENABLE_STRICT_OBJC_MSGSEND = YES;
				ENABLE_TESTABILITY = YES;
				GCC_C_LANGUAGE_STANDARD = gnu11;
				GCC_DYNAMIC_NO_PIC = NO;
				GCC_NO_COMMON_BLOCKS = YES;
				GCC_OPTIMIZATION_LEVEL = 0;
				GCC_PREPROCESSOR_DEFINITIONS = (
					"DEBUG=1",
					"$(inherited)",
				);
				GCC_WARN_64_TO_32_BIT_CONVERSION = YES;
				GCC_WARN_ABOUT_RETURN_TYPE = YES_ERROR;
				GCC_WARN_UNDECLARED_SELECTOR = YES;
				GCC_WARN_UNINITIALIZED_AUTOS = YES_AGGRESSIVE;
				GCC_WARN_UNUSED_FUNCTION = YES;
				GCC_WARN_UNUSED_VARIABLE = YES;
				IPHONEOS_DEPLOYMENT_TARGET = 16.2;
				MTL_ENABLE_DEBUG_INFO = INCLUDE_SOURCE;
				MTL_FAST_MATH = YES;
				ONLY_ACTIVE_ARCH = YES;
				SDKROOT = iphoneos;
				SWIFT_ACTIVE_COMPILATION_CONDITIONS = DEBUG;
				SWIFT_OPTIMIZATION_LEVEL = "-Onone";
			};
			name = Debug;
		};
		40145C2A29C66DDD00BA52B8 /* Release */ = {
			isa = XCBuildConfiguration;
			buildSettings = {
				ALWAYS_SEARCH_USER_PATHS = NO;
				CLANG_ANALYZER_NONNULL = YES;
				CLANG_ANALYZER_NUMBER_OBJECT_CONVERSION = YES_AGGRESSIVE;
				CLANG_CXX_LANGUAGE_STANDARD = "gnu++20";
				CLANG_ENABLE_MODULES = YES;
				CLANG_ENABLE_OBJC_ARC = YES;
				CLANG_ENABLE_OBJC_WEAK = YES;
				CLANG_WARN_BLOCK_CAPTURE_AUTORELEASING = YES;
				CLANG_WARN_BOOL_CONVERSION = YES;
				CLANG_WARN_COMMA = YES;
				CLANG_WARN_CONSTANT_CONVERSION = YES;
				CLANG_WARN_DEPRECATED_OBJC_IMPLEMENTATIONS = YES;
				CLANG_WARN_DIRECT_OBJC_ISA_USAGE = YES_ERROR;
				CLANG_WARN_DOCUMENTATION_COMMENTS = YES;
				CLANG_WARN_EMPTY_BODY = YES;
				CLANG_WARN_ENUM_CONVERSION = YES;
				CLANG_WARN_INFINITE_RECURSION = YES;
				CLANG_WARN_INT_CONVERSION = YES;
				CLANG_WARN_NON_LITERAL_NULL_CONVERSION = YES;
				CLANG_WARN_OBJC_IMPLICIT_RETAIN_SELF = YES;
				CLANG_WARN_OBJC_LITERAL_CONVERSION = YES;
				CLANG_WARN_OBJC_ROOT_CLASS = YES_ERROR;
				CLANG_WARN_QUOTED_INCLUDE_IN_FRAMEWORK_HEADER = YES;
				CLANG_WARN_RANGE_LOOP_ANALYSIS = YES;
				CLANG_WARN_STRICT_PROTOTYPES = YES;
				CLANG_WARN_SUSPICIOUS_MOVE = YES;
				CLANG_WARN_UNGUARDED_AVAILABILITY = YES_AGGRESSIVE;
				CLANG_WARN_UNREACHABLE_CODE = YES;
				CLANG_WARN__DUPLICATE_METHOD_MATCH = YES;
				COPY_PHASE_STRIP = NO;
				DEBUG_INFORMATION_FORMAT = "dwarf-with-dsym";
				ENABLE_NS_ASSERTIONS = NO;
				ENABLE_STRICT_OBJC_MSGSEND = YES;
				GCC_C_LANGUAGE_STANDARD = gnu11;
				GCC_NO_COMMON_BLOCKS = YES;
				GCC_WARN_64_TO_32_BIT_CONVERSION = YES;
				GCC_WARN_ABOUT_RETURN_TYPE = YES_ERROR;
				GCC_WARN_UNDECLARED_SELECTOR = YES;
				GCC_WARN_UNINITIALIZED_AUTOS = YES_AGGRESSIVE;
				GCC_WARN_UNUSED_FUNCTION = YES;
				GCC_WARN_UNUSED_VARIABLE = YES;
				IPHONEOS_DEPLOYMENT_TARGET = 16.2;
				MTL_ENABLE_DEBUG_INFO = NO;
				MTL_FAST_MATH = YES;
				SDKROOT = iphoneos;
				SWIFT_COMPILATION_MODE = wholemodule;
				SWIFT_OPTIMIZATION_LEVEL = "-O";
				VALIDATE_PRODUCT = YES;
			};
			name = Release;
		};
		40145C2C29C66DDD00BA52B8 /* Debug */ = {
			isa = XCBuildConfiguration;
			buildSettings = {
				ASSETCATALOG_COMPILER_APPICON_NAME = AppIcon;
				ASSETCATALOG_COMPILER_GLOBAL_ACCENT_COLOR_NAME = AccentColor;
				CODE_SIGN_STYLE = Automatic;
				CURRENT_PROJECT_VERSION = 1;
				DEVELOPMENT_ASSET_PATHS = "\"SnowSeeker/Preview Content\"";
				DEVELOPMENT_TEAM = 7BF453L282;
				ENABLE_PREVIEWS = YES;
				GENERATE_INFOPLIST_FILE = YES;
				INFOPLIST_KEY_UIApplicationSceneManifest_Generation = YES;
				INFOPLIST_KEY_UIApplicationSupportsIndirectInputEvents = YES;
				INFOPLIST_KEY_UILaunchScreen_Generation = YES;
				INFOPLIST_KEY_UISupportedInterfaceOrientations_iPad = "UIInterfaceOrientationPortrait UIInterfaceOrientationPortraitUpsideDown UIInterfaceOrientationLandscapeLeft UIInterfaceOrientationLandscapeRight";
				INFOPLIST_KEY_UISupportedInterfaceOrientations_iPhone = "UIInterfaceOrientationPortrait UIInterfaceOrientationLandscapeLeft UIInterfaceOrientationLandscapeRight";
				LD_RUNPATH_SEARCH_PATHS = (
					"$(inherited)",
					"@executable_path/Frameworks",
				);
				MARKETING_VERSION = 1.0;
				PRODUCT_BUNDLE_IDENTIFIER = freecode.pythonanywhere.www.SnowSeeker;
				PRODUCT_NAME = "$(TARGET_NAME)";
				SWIFT_EMIT_LOC_STRINGS = YES;
				SWIFT_VERSION = 5.0;
				TARGETED_DEVICE_FAMILY = "1,2";
			};
			name = Debug;
		};
		40145C2D29C66DDD00BA52B8 /* Release */ = {
			isa = XCBuildConfiguration;
			buildSettings = {
				ASSETCATALOG_COMPILER_APPICON_NAME = AppIcon;
				ASSETCATALOG_COMPILER_GLOBAL_ACCENT_COLOR_NAME = AccentColor;
				CODE_SIGN_STYLE = Automatic;
				CURRENT_PROJECT_VERSION = 1;
				DEVELOPMENT_ASSET_PATHS = "\"SnowSeeker/Preview Content\"";
				DEVELOPMENT_TEAM = 7BF453L282;
				ENABLE_PREVIEWS = YES;
				GENERATE_INFOPLIST_FILE = YES;
				INFOPLIST_KEY_UIApplicationSceneManifest_Generation = YES;
				INFOPLIST_KEY_UIApplicationSupportsIndirectInputEvents = YES;
				INFOPLIST_KEY_UILaunchScreen_Generation = YES;
				INFOPLIST_KEY_UISupportedInterfaceOrientations_iPad = "UIInterfaceOrientationPortrait UIInterfaceOrientationPortraitUpsideDown UIInterfaceOrientationLandscapeLeft UIInterfaceOrientationLandscapeRight";
				INFOPLIST_KEY_UISupportedInterfaceOrientations_iPhone = "UIInterfaceOrientationPortrait UIInterfaceOrientationLandscapeLeft UIInterfaceOrientationLandscapeRight";
				LD_RUNPATH_SEARCH_PATHS = (
					"$(inherited)",
					"@executable_path/Frameworks",
				);
				MARKETING_VERSION = 1.0;
				PRODUCT_BUNDLE_IDENTIFIER = freecode.pythonanywhere.www.SnowSeeker;
				PRODUCT_NAME = "$(TARGET_NAME)";
				SWIFT_EMIT_LOC_STRINGS = YES;
				SWIFT_VERSION = 5.0;
				TARGETED_DEVICE_FAMILY = "1,2";
			};
			name = Release;
		};
/* End XCBuildConfiguration section */

/* Begin XCConfigurationList section */
		40145C1829C66DDB00BA52B8 /* Build configuration list for PBXProject "SnowSeeker" */ = {
			isa = XCConfigurationList;
			buildConfigurations = (
				40145C2929C66DDD00BA52B8 /* Debug */,
				40145C2A29C66DDD00BA52B8 /* Release */,
			);
			defaultConfigurationIsVisible = 0;
			defaultConfigurationName = Release;
		};
		40145C2B29C66DDD00BA52B8 /* Build configuration list for PBXNativeTarget "SnowSeeker" */ = {
			isa = XCConfigurationList;
			buildConfigurations = (
				40145C2C29C66DDD00BA52B8 /* Debug */,
				40145C2D29C66DDD00BA52B8 /* Release */,
			);
			defaultConfigurationIsVisible = 0;
			defaultConfigurationName = Release;
		};
/* End XCConfigurationList section */
	};
	rootObject = 40145C1529C66DDB00BA52B8 /* Project object */;
}
